
Microsoft Visual Studio Solution File, Format Version 12.00
# Visual Studio Version 16
VisualStudioVersion = 16.0.30517.126
MinimumVisualStudioVersion = 10.0.40219.1
Project("{FAE04EC0-301F-11D3-BF4B-00C04F79EFBC}") = "SeleniumTestProject", "SeleniumTestProject\SeleniumTestProject.csproj", "{D81D545F-51ED-439B-9DB0-6B3A6D4B6DCB}"
EndProject
Global
	GlobalSection(SolutionConfigurationPlatforms) = preSolution
		Debug|Any CPU = Debug|Any CPU
		Release|Any CPU = Release|Any CPU
	EndGlobalSection
	GlobalSection(ProjectConfigurationPlatforms) = postSolution
		{D81D545F-51ED-439B-9DB0-6B3A6D4B6DCB}.Debug|Any CPU.ActiveCfg = Debug|Any CPU
		{D81D545F-51ED-439B-9DB0-6B3A6D4B6DCB}.Debug|Any CPU.Build.0 = Debug|Any CPU
		{D81D545F-51ED-439B-9DB0-6B3A6D4B6DCB}.Release|Any CPU.ActiveCfg = Release|Any CPU
		{D81D545F-51ED-439B-9DB0-6B3A6D4B6DCB}.Release|Any CPU.Build.0 = Release|Any CPU
	EndGlobalSection
	GlobalSection(SolutionProperties) = preSolution
		HideSolutionNode = FALSE
	EndGlobalSection
	GlobalSection(ExtensibilityGlobals) = postSolution
		SolutionGuid = {E6726982-96C2-42FE-8228-8A47C3F5AC0F}
	EndGlobalSection
EndGlobal
